// !$*UTF8*$!
{
	archiveVersion = 1;
	classes = {
	};
	objectVersion = 50;
	objects = {

/* Begin PBXBuildFile section */
		1834ACBA20D0E190003C1B4F /* AppDelegate.swift in Sources */ = {isa = PBXBuildFile; fileRef = 1834ACB920D0E190003C1B4F /* AppDelegate.swift */; };
		1834ACBC20D0E190003C1B4F /* ViewController.swift in Sources */ = {isa = PBXBuildFile; fileRef = 1834ACBB20D0E190003C1B4F /* ViewController.swift */; };
		1834ACBF20D0E190003C1B4F /* Main.storyboard in Resources */ = {isa = PBXBuildFile; fileRef = 1834ACBD20D0E190003C1B4F /* Main.storyboard */; };
		1834ACC120D0E19C003C1B4F /* Assets.xcassets in Resources */ = {isa = PBXBuildFile; fileRef = 1834ACC020D0E19C003C1B4F /* Assets.xcassets */; };
		1834ACC420D0E19C003C1B4F /* LaunchScreen.storyboard in Resources */ = {isa = PBXBuildFile; fileRef = 1834ACC220D0E19C003C1B4F /* LaunchScreen.storyboard */; };
/* End PBXBuildFile section */

/* Begin PBXFileReference section */
		1834ACB620D0E190003C1B4F /* TestCustomTheam.app */ = {isa = PBXFileReference; explicitFileType = wrapper.application; includeInIndex = 0; path = TestCustomTheam.app; sourceTree = BUILT_PRODUCTS_DIR; };
		1834ACB920D0E190003C1B4F /* AppDelegate.swift */ = {isa = PBXFileReference; lastKnownFileType = sourcecode.swift; path = AppDelegate.swift; sourceTree = "<group>"; };
		1834ACBB20D0E190003C1B4F /* ViewController.swift */ = {isa = PBXFileReference; lastKnownFileType = sourcecode.swift; path = ViewController.swift; sourceTree = "<group>"; };
		1834ACBE20D0E190003C1B4F /* Base */ = {isa = PBXFileReference; lastKnownFileType = file.storyboard; name = Base; path = Base.lproj/Main.storyboard; sourceTree = "<group>"; };
		1834ACC020D0E19C003C1B4F /* Assets.xcassets */ = {isa = PBXFileReference; lastKnownFileType = folder.assetcatalog; path = Assets.xcassets; sourceTree = "<group>"; };
		1834ACC320D0E19C003C1B4F /* Base */ = {isa = PBXFileReference; lastKnownFileType = file.storyboard; name = Base; path = Base.lproj/LaunchScreen.storyboard; sourceTree = "<group>"; };
		1834ACC520D0E19C003C1B4F /* Info.plist */ = {isa = PBXFileReference; lastKnownFileType = text.plist.xml; path = Info.plist; sourceTree = "<group>"; };
/* End PBXFileReference section */

/* Begin PBXFrameworksBuildPhase section */
		1834ACB320D0E190003C1B4F /* Frameworks */ = {
			isa = PBXFrameworksBuildPhase;
			buildActionMask = 2147483647;
			files = (
			);
			runOnlyForDeploymentPostprocessing = 0;
		};
/* End PBXFrameworksBuildPhase section */

/* Begin PBXGroup section */
		1834ACAD20D0E190003C1B4F = {
			isa = PBXGroup;
			children = (
				1834ACB820D0E190003C1B4F /* TestCustomTheam */,
				1834ACB720D0E190003C1B4F /* Products */,
			);
			sourceTree = "<group>";
		};
		1834ACB720D0E190003C1B4F /* Products */ = {
			isa = PBXGroup;
			children = (
				1834ACB620D0E190003C1B4F /* TestCustomTheam.app */,
			);
			name = Products;
			sourceTree = "<group>";
		};
		1834ACB820D0E190003C1B4F /* TestCustomTheam */ = {
			isa = PBXGroup;
			children = (
				1834ACB920D0E190003C1B4F /* AppDelegate.swift */,
				1834ACBB20D0E190003C1B4F /* ViewController.swift */,
				1834ACBD20D0E190003C1B4F /* Main.storyboard */,
				1834ACC020D0E19C003C1B4F /* Assets.xcassets */,
				1834ACC220D0E19C003C1B4F /* LaunchScreen.storyboard */,
				1834ACC520D0E19C003C1B4F /* Info.plist */,
			);
			path = TestCustomTheam;
			sourceTree = "<group>";
		};
/* End PBXGroup section */

/* Begin PBXNativeTarget section */
		1834ACB520D0E190003C1B4F /* TestCustomTheam */ = {
			isa = PBXNativeTarget;
			buildConfigurationList = 1834ACC820D0E19C003C1B4F /* Build configuration list for PBXNativeTarget "TestCustomTheam" */;
			buildPhases = (
				1834ACB220D0E190003C1B4F /* Sources */,
				1834ACB320D0E190003C1B4F /* Frameworks */,
				1834ACB420D0E190003C1B4F /* Resources */,
			);
			buildRules = (
			);
			dependencies = (
			);
			name = TestCustomTheam;
			productName = TestCustomTheam;
			productReference = 1834ACB620D0E190003C1B4F /* TestCustomTheam.app */;
			productType = "com.apple.product-type.application";
		};
/* End PBXNativeTarget section */

/* Begin PBXProject section */
		1834ACAE20D0E190003C1B4F /* Project object */ = {
			isa = PBXProject;
			attributes = {
				LastSwiftUpdateCheck = 0940;
				LastUpgradeCheck = 0940;
				ORGANIZATIONNAME = apple;
				TargetAttributes = {
					1834ACB520D0E190003C1B4F = {
						CreatedOnToolsVersion = 9.4;
					};
				};
			};
			buildConfigurationList = 1834ACB120D0E190003C1B4F /* Build configuration list for PBXProject "TestCustomTheam" */;
			compatibilityVersion = "Xcode 9.3";
			developmentRegion = en;
			hasScannedForEncodings = 0;
			knownRegions = (
				en,
				Base,
			);
			mainGroup = 1834ACAD20D0E190003C1B4F;
			productRefGroup = 1834ACB720D0E190003C1B4F /* Products */;
			projectDirPath = "";
			projectRoot = "";
			targets = (
				1834ACB520D0E190003C1B4F /* TestCustomTheam */,
			);
		};
/* End PBXProject section */

/* Begin PBXResourcesBuildPhase section */
		1834ACB420D0E190003C1B4F /* Resources */ = {
			isa = PBXResourcesBuildPhase;
			buildActionMask = 2147483647;
			files = (
				1834ACC420D0E19C003C1B4F /* LaunchScreen.storyboard in Resources */,
				1834ACC120D0E19C003C1B4F /* Assets.xcassets in Resources */,
				1834ACBF20D0E190003C1B4F /* Main.storyboard in Resources */,
			);
			runOnlyForDeploymentPostprocessing = 0;
		};
/* End PBXResourcesBuildPhase section */

/* Begin PBXSourcesBuildPhase section */
		1834ACB220D0E190003C1B4F /* Sources */ = {
			isa = PBXSourcesBuildPhase;
			buildActionMask = 2147483647;
			files = (
				1834ACBC20D0E190003C1B4F /* ViewController.swift in Sources */,
				1834ACBA20D0E190003C1B4F /* AppDelegate.swift in Sources */,
			);
			runOnlyForDeploymentPostprocessing = 0;
		};
/* End PBXSourcesBuildPhase section */

/* Begin PBXVariantGroup section */
		1834ACBD20D0E190003C1B4F /* Main.storyboard */ = {
			isa = PBXVariantGroup;
			children = (
				1834ACBE20D0E190003C1B4F /* Base */,
			);
			name = Main.storyboard;
			sourceTree = "<group>";
		};
		1834ACC220D0E19C003C1B4F /* LaunchScreen.storyboard */ = {
			isa = PBXVariantGroup;
			children = (
				1834ACC320D0E19C003C1B4F /* Base */,
			);
			name = LaunchScreen.storyboard;
			sourceTree = "<group>";
		};
/* End PBXVariantGroup section */

/* Begin XCBuildConfiguration section */
		1834ACC620D0E19C003C1B4F /* Debug */ = {
			isa = XCBuildConfiguration;
			buildSettings = {
				ALWAYS_SEARCH_USER_PATHS = NO;
				CLANG_ANALYZER_NONNULL = YES;
				CLANG_ANALYZER_NUMBER_OBJECT_CONVERSION = YES_AGGRESSIVE;
				CLANG_CXX_LANGUAGE_STANDARD = "gnu++14";
				CLANG_CXX_LIBRARY = "libc++";
				CLANG_ENABLE_MODULES = YES;
				CLANG_ENABLE_OBJC_ARC = YES;
				CLANG_ENABLE_OBJC_WEAK = YES;
				CLANG_WARN_BLOCK_CAPTURE_AUTORELEASING = YES;
				CLANG_WARN_BOOL_CONVERSION = YES;
				CLANG_WARN_COMMA = YES;
				CLANG_WARN_CONSTANT_CONVERSION = YES;
				CLANG_WARN_DEPRECATED_OBJC_IMPLEMENTATIONS = YES;
				CLANG_WARN_DIRECT_OBJC_ISA_USAGE = YES_ERROR;
				CLANG_WARN_DOCUMENTATION_COMMENTS = YES;
				CLANG_WARN_EMPTY_BODY = YES;
				CLANG_WARN_ENUM_CONVERSION = YES;
				CLANG_WARN_INFINITE_RECURSION = YES;
				CLANG_WARN_INT_CONVERSION = YES;
				CLANG_WARN_NON_LITERAL_NULL_CONVERSION = YES;
				CLANG_WARN_OBJC_IMPLICIT_RETAIN_SELF = YES;
				CLANG_WARN_OBJC_LITERAL_CONVERSION = YES;
				CLANG_WARN_OBJC_ROOT_CLASS = YES_ERROR;
				CLANG_WARN_RANGE_LOOP_ANALYSIS = YES;
				CLANG_WARN_STRICT_PROTOTYPES = YES;
				CLANG_WARN_SUSPICIOUS_MOVE = YES;
				CLANG_WARN_UNGUARDED_AVAILABILITY = YES_AGGRESSIVE;
				CLANG_WARN_UNREACHABLE_CODE = YES;
				CLANG_WARN__DUPLICATE_METHOD_MATCH = YES;
				CODE_SIGN_IDENTITY = "iPhone Developer";
				COPY_PHASE_STRIP = NO;
				DEBUG_INFORMATION_FORMAT = dwarf;
				ENABLE_STRICT_OBJC_MSGSEND = YES;
				ENABLE_TESTABILITY = YES;
				GCC_C_LANGUAGE_STANDARD = gnu11;
				GCC_DYNAMIC_NO_PIC = NO;
				GCC_NO_COMMON_BLOCKS = YES;
				GCC_OPTIMIZATION_LEVEL = 0;
				GCC_PREPROCESSOR_DEFINITIONS = (
					"DEBUG=1",
					"$(inherited)",
				);
				GCC_WARN_64_TO_32_BIT_CONVERSION = YES;
				GCC_WARN_ABOUT_RETURN_TYPE = YES_ERROR;
				GCC_WARN_UNDECLARED_SELECTOR = YES;
				GCC_WARN_UNINITIALIZED_AUTOS = YES_AGGRESSIVE;
				GCC_WARN_UNUSED_FUNCTION = YES;
				GCC_WARN_UNUSED_VARIABLE = YES;
				IPHONEOS_DEPLOYMENT_TARGET = 11.4;
				MTL_ENABLE_DEBUG_INFO = YES;
				ONLY_ACTIVE_ARCH = YES;
				SDKROOT = iphoneos;
				SWIFT_ACTIVE_COMPILATION_CONDITIONS = DEBUG;
				SWIFT_OPTIMIZATION_LEVEL = "-Onone";
			};
			name = Debug;
		};
		1834ACC720D0E19C003C1B4F /* Release */ = {
			isa = XCBuildConfiguration;
			buildSettings = {
				ALWAYS_SEARCH_USER_PATHS = NO;
				CLANG_ANALYZER_NONNULL = YES;
				CLANG_ANALYZER_NUMBER_OBJECT_CONVERSION = YES_AGGRESSIVE;
				CLANG_CXX_LANGUAGE_STANDARD = "gnu++14";
				CLANG_CXX_LIBRARY = "libc++";
				CLANG_ENABLE_MODULES = YES;
				CLANG_ENABLE_OBJC_ARC = YES;
				CLANG_ENABLE_OBJC_WEAK = YES;
				CLANG_WARN_BLOCK_CAPTURE_AUTORELEASING = YES;
				CLANG_WARN_BOOL_CONVERSION = YES;
				CLANG_WARN_COMMA = YES;
				CLANG_WARN_CONSTANT_CONVERSION = YES;
				CLANG_WARN_DEPRECATED_OBJC_IMPLEMENTATIONS = YES;
				CLANG_WARN_DIRECT_OBJC_ISA_USAGE = YES_ERROR;
				CLANG_WARN_DOCUMENTATION_COMMENTS = YES;
				CLANG_WARN_EMPTY_BODY = YES;
				CLANG_WARN_ENUM_CONVERSION = YES;
				CLANG_WARN_INFINITE_RECURSION = YES;
				CLANG_WARN_INT_CONVERSION = YES;
				CLANG_WARN_NON_LITERAL_NULL_CONVERSION = YES;
				CLANG_WARN_OBJC_IMPLICIT_RETAIN_SELF = YES;
				CLANG_WARN_OBJC_LITERAL_CONVERSION = YES;
				CLANG_WARN_OBJC_ROOT_CLASS = YES_ERROR;
				CLANG_WARN_RANGE_LOOP_ANALYSIS = YES;
				CLANG_WARN_STRICT_PROTOTYPES = YES;
				CLANG_WARN_SUSPICIOUS_MOVE = YES;
				CLANG_WARN_UNGUARDED_AVAILABILITY = YES_AGGRESSIVE;
				CLANG_WARN_UNREACHABLE_CODE = YES;
				CLANG_WARN__DUPLICATE_METHOD_MATCH = YES;
				CODE_SIGN_IDENTITY = "iPhone Developer";
				COPY_PHASE_STRIP = NO;
				DEBUG_INFORMATION_FORMAT = "dwarf-with-dsym";
				ENABLE_NS_ASSERTIONS = NO;
				ENABLE_STRICT_OBJC_MSGSEND = YES;
				GCC_C_LANGUAGE_STANDARD = gnu11;
				GCC_NO_COMMON_BLOCKS = YES;
				GCC_WARN_64_TO_32_BIT_CONVERSION = YES;
				GCC_WARN_ABOUT_RETURN_TYPE = YES_ERROR;
				GCC_WARN_UNDECLARED_SELECTOR = YES;
				GCC_WARN_UNINITIALIZED_AUTOS = YES_AGGRESSIVE;
				GCC_WARN_UNUSED_FUNCTION = YES;
				GCC_WARN_UNUSED_VARIABLE = YES;
				IPHONEOS_DEPLOYMENT_TARGET = 11.4;
				MTL_ENABLE_DEBUG_INFO = NO;
				SDKROOT = iphoneos;
				SWIFT_COMPILATION_MODE = wholemodule;
				SWIFT_OPTIMIZATION_LEVEL = "-O";
				VALIDATE_PRODUCT = YES;
			};
			name = Release;
		};
		1834ACC920D0E19C003C1B4F /* Debug */ = {
			isa = XCBuildConfiguration;
			buildSettings = {
				ASSETCATALOG_COMPILER_APPICON_NAME = AppIcon;
				CODE_SIGN_STYLE = Automatic;
				INFOPLIST_FILE = TestCustomTheam/Info.plist;
				LD_RUNPATH_SEARCH_PATHS = (
					"$(inherited)",
					"@executable_path/Frameworks",
				);
				PRODUCT_BUNDLE_IDENTIFIER = com.apple..TestCustomTheam;
				PRODUCT_NAME = "$(TARGET_NAME)";
				SWIFT_VERSION = 4.0;
				TARGETED_DEVICE_FAMILY = "1,2";
			};
			name = Debug;
		};
		1834ACCA20D0E19C003C1B4F /* Release */ = {
			isa = XCBuildConfiguration;
			buildSettings = {
				ASSETCATALOG_COMPILER_APPICON_NAME = AppIcon;
				CODE_SIGN_STYLE = Automatic;
				INFOPLIST_FILE = TestCustomTheam/Info.plist;
				LD_RUNPATH_SEARCH_PATHS = (
					"$(inherited)",
					"@executable_path/Frameworks",
				);
				PRODUCT_BUNDLE_IDENTIFIER = com.apple..TestCustomTheam;
				PRODUCT_NAME = "$(TARGET_NAME)";
				SWIFT_VERSION = 4.0;
				TARGETED_DEVICE_FAMILY = "1,2";
			};
			name = Release;
		};
/* End XCBuildConfiguration section */

/* Begin XCConfigurationList section */
		1834ACB120D0E190003C1B4F /* Build configuration list for PBXProject "TestCustomTheam" */ = {
			isa = XCConfigurationList;
			buildConfigurations = (
				1834ACC620D0E19C003C1B4F /* Debug */,
				1834ACC720D0E19C003C1B4F /* Release */,
			);
			defaultConfigurationIsVisible = 0;
			defaultConfigurationName = Release;
		};
		1834ACC820D0E19C003C1B4F /* Build configuration list for PBXNativeTarget "TestCustomTheam" */ = {
			isa = XCConfigurationList;
			buildConfigurations = (
				1834ACC920D0E19C003C1B4F /* Debug */,
				1834ACCA20D0E19C003C1B4F /* Release */,
			);
			defaultConfigurationIsVisible = 0;
			defaultConfigurationName = Release;
		};
/* End XCConfigurationList section */
	};
	rootObject = 1834ACAE20D0E190003C1B4F /* Project object */;
}
